// !$*UTF8*$!
{
	archiveVersion = 1;
	classes = {
	};
	objectVersion = 50;
	objects = {

/* Begin PBXBuildFile section */
		07CA94862569B57E005F310B /* AppDelegate.swift in Sources */ = {isa = PBXBuildFile; fileRef = 07CA94852569B57E005F310B /* AppDelegate.swift */; };
		07CA94882569B57E005F310B /* SceneDelegate.swift in Sources */ = {isa = PBXBuildFile; fileRef = 07CA94872569B57E005F310B /* SceneDelegate.swift */; };
		07CA948A2569B57E005F310B /* ViewController.swift in Sources */ = {isa = PBXBuildFile; fileRef = 07CA94892569B57E005F310B /* ViewController.swift */; };
		07CA948D2569B57E005F310B /* Main.storyboard in Resources */ = {isa = PBXBuildFile; fileRef = 07CA948B2569B57E005F310B /* Main.storyboard */; };
		07CA948F2569B580005F310B /* Assets.xcassets in Resources */ = {isa = PBXBuildFile; fileRef = 07CA948E2569B580005F310B /* Assets.xcassets */; };
		07CA94922569B580005F310B /* LaunchScreen.storyboard in Resources */ = {isa = PBXBuildFile; fileRef = 07CA94902569B580005F310B /* LaunchScreen.storyboard */; };
		07CA949D2569B581005F310B /* PantrixTests.swift in Sources */ = {isa = PBXBuildFile; fileRef = 07CA949C2569B581005F310B /* PantrixTests.swift */; };
		07CA94A82569B581005F310B /* PantrixUITests.swift in Sources */ = {isa = PBXBuildFile; fileRef = 07CA94A72569B581005F310B /* PantrixUITests.swift */; };
/* End PBXBuildFile section */

/* Begin PBXContainerItemProxy section */
		07CA94992569B581005F310B /* PBXContainerItemProxy */ = {
			isa = PBXContainerItemProxy;
			containerPortal = 07CA947A2569B57E005F310B /* Project object */;
			proxyType = 1;
			remoteGlobalIDString = 07CA94812569B57E005F310B;
			remoteInfo = Pantrix;
		};
		07CA94A42569B581005F310B /* PBXContainerItemProxy */ = {
			isa = PBXContainerItemProxy;
			containerPortal = 07CA947A2569B57E005F310B /* Project object */;
			proxyType = 1;
			remoteGlobalIDString = 07CA94812569B57E005F310B;
			remoteInfo = Pantrix;
		};
/* End PBXContainerItemProxy section */

/* Begin PBXFileReference section */
		07CA94822569B57E005F310B /* Pantrix.app */ = {isa = PBXFileReference; explicitFileType = wrapper.application; includeInIndex = 0; path = Pantrix.app; sourceTree = BUILT_PRODUCTS_DIR; };
		07CA94852569B57E005F310B /* AppDelegate.swift */ = {isa = PBXFileReference; lastKnownFileType = sourcecode.swift; path = AppDelegate.swift; sourceTree = "<group>"; };
		07CA94872569B57E005F310B /* SceneDelegate.swift */ = {isa = PBXFileReference; lastKnownFileType = sourcecode.swift; path = SceneDelegate.swift; sourceTree = "<group>"; };
		07CA94892569B57E005F310B /* ViewController.swift */ = {isa = PBXFileReference; lastKnownFileType = sourcecode.swift; path = ViewController.swift; sourceTree = "<group>"; };
		07CA948C2569B57E005F310B /* Base */ = {isa = PBXFileReference; lastKnownFileType = file.storyboard; name = Base; path = Base.lproj/Main.storyboard; sourceTree = "<group>"; };
		07CA948E2569B580005F310B /* Assets.xcassets */ = {isa = PBXFileReference; lastKnownFileType = folder.assetcatalog; path = Assets.xcassets; sourceTree = "<group>"; };
		07CA94912569B580005F310B /* Base */ = {isa = PBXFileReference; lastKnownFileType = file.storyboard; name = Base; path = Base.lproj/LaunchScreen.storyboard; sourceTree = "<group>"; };
		07CA94932569B580005F310B /* Info.plist */ = {isa = PBXFileReference; lastKnownFileType = text.plist.xml; path = Info.plist; sourceTree = "<group>"; };
		07CA94982569B581005F310B /* PantrixTests.xctest */ = {isa = PBXFileReference; explicitFileType = wrapper.cfbundle; includeInIndex = 0; path = PantrixTests.xctest; sourceTree = BUILT_PRODUCTS_DIR; };
		07CA949C2569B581005F310B /* PantrixTests.swift */ = {isa = PBXFileReference; lastKnownFileType = sourcecode.swift; path = PantrixTests.swift; sourceTree = "<group>"; };
		07CA949E2569B581005F310B /* Info.plist */ = {isa = PBXFileReference; lastKnownFileType = text.plist.xml; path = Info.plist; sourceTree = "<group>"; };
		07CA94A32569B581005F310B /* PantrixUITests.xctest */ = {isa = PBXFileReference; explicitFileType = wrapper.cfbundle; includeInIndex = 0; path = PantrixUITests.xctest; sourceTree = BUILT_PRODUCTS_DIR; };
		07CA94A72569B581005F310B /* PantrixUITests.swift */ = {isa = PBXFileReference; lastKnownFileType = sourcecode.swift; path = PantrixUITests.swift; sourceTree = "<group>"; };
		07CA94A92569B581005F310B /* Info.plist */ = {isa = PBXFileReference; lastKnownFileType = text.plist.xml; path = Info.plist; sourceTree = "<group>"; };
/* End PBXFileReference section */

/* Begin PBXFrameworksBuildPhase section */
		07CA947F2569B57E005F310B /* Frameworks */ = {
			isa = PBXFrameworksBuildPhase;
			buildActionMask = 2147483647;
			files = (
			);
			runOnlyForDeploymentPostprocessing = 0;
		};
		07CA94952569B581005F310B /* Frameworks */ = {
			isa = PBXFrameworksBuildPhase;
			buildActionMask = 2147483647;
			files = (
			);
			runOnlyForDeploymentPostprocessing = 0;
		};
		07CA94A02569B581005F310B /* Frameworks */ = {
			isa = PBXFrameworksBuildPhase;
			buildActionMask = 2147483647;
			files = (
			);
			runOnlyForDeploymentPostprocessing = 0;
		};
/* End PBXFrameworksBuildPhase section */

/* Begin PBXGroup section */
		07CA94792569B57E005F310B = {
			isa = PBXGroup;
			children = (
				07CA94842569B57E005F310B /* Pantrix */,
				07CA949B2569B581005F310B /* PantrixTests */,
				07CA94A62569B581005F310B /* PantrixUITests */,
				07CA94832569B57E005F310B /* Products */,
			);
			sourceTree = "<group>";
		};
		07CA94832569B57E005F310B /* Products */ = {
			isa = PBXGroup;
			children = (
				07CA94822569B57E005F310B /* Pantrix.app */,
				07CA94982569B581005F310B /* PantrixTests.xctest */,
				07CA94A32569B581005F310B /* PantrixUITests.xctest */,
			);
			name = Products;
			sourceTree = "<group>";
		};
		07CA94842569B57E005F310B /* Pantrix */ = {
			isa = PBXGroup;
			children = (
				07CA94852569B57E005F310B /* AppDelegate.swift */,
				07CA94872569B57E005F310B /* SceneDelegate.swift */,
				07CA94892569B57E005F310B /* ViewController.swift */,
				07CA948B2569B57E005F310B /* Main.storyboard */,
				07CA948E2569B580005F310B /* Assets.xcassets */,
				07CA94902569B580005F310B /* LaunchScreen.storyboard */,
				07CA94932569B580005F310B /* Info.plist */,
			);
			path = Pantrix;
			sourceTree = "<group>";
		};
		07CA949B2569B581005F310B /* PantrixTests */ = {
			isa = PBXGroup;
			children = (
				07CA949C2569B581005F310B /* PantrixTests.swift */,
				07CA949E2569B581005F310B /* Info.plist */,
			);
			path = PantrixTests;
			sourceTree = "<group>";
		};
		07CA94A62569B581005F310B /* PantrixUITests */ = {
			isa = PBXGroup;
			children = (
				07CA94A72569B581005F310B /* PantrixUITests.swift */,
				07CA94A92569B581005F310B /* Info.plist */,
			);
			path = PantrixUITests;
			sourceTree = "<group>";
		};
/* End PBXGroup section */

/* Begin PBXNativeTarget section */
		07CA94812569B57E005F310B /* Pantrix */ = {
			isa = PBXNativeTarget;
			buildConfigurationList = 07CA94AC2569B581005F310B /* Build configuration list for PBXNativeTarget "Pantrix" */;
			buildPhases = (
				07CA947E2569B57E005F310B /* Sources */,
				07CA947F2569B57E005F310B /* Frameworks */,
				07CA94802569B57E005F310B /* Resources */,
			);
			buildRules = (
			);
			dependencies = (
			);
			name = Pantrix;
			productName = Pantrix;
			productReference = 07CA94822569B57E005F310B /* Pantrix.app */;
			productType = "com.apple.product-type.application";
		};
		07CA94972569B581005F310B /* PantrixTests */ = {
			isa = PBXNativeTarget;
			buildConfigurationList = 07CA94AF2569B581005F310B /* Build configuration list for PBXNativeTarget "PantrixTests" */;
			buildPhases = (
				07CA94942569B581005F310B /* Sources */,
				07CA94952569B581005F310B /* Frameworks */,
				07CA94962569B581005F310B /* Resources */,
			);
			buildRules = (
			);
			dependencies = (
				07CA949A2569B581005F310B /* PBXTargetDependency */,
			);
			name = PantrixTests;
			productName = PantrixTests;
			productReference = 07CA94982569B581005F310B /* PantrixTests.xctest */;
			productType = "com.apple.product-type.bundle.unit-test";
		};
		07CA94A22569B581005F310B /* PantrixUITests */ = {
			isa = PBXNativeTarget;
			buildConfigurationList = 07CA94B22569B581005F310B /* Build configuration list for PBXNativeTarget "PantrixUITests" */;
			buildPhases = (
				07CA949F2569B581005F310B /* Sources */,
				07CA94A02569B581005F310B /* Frameworks */,
				07CA94A12569B581005F310B /* Resources */,
			);
			buildRules = (
			);
			dependencies = (
				07CA94A52569B581005F310B /* PBXTargetDependency */,
			);
			name = PantrixUITests;
			productName = PantrixUITests;
			productReference = 07CA94A32569B581005F310B /* PantrixUITests.xctest */;
			productType = "com.apple.product-type.bundle.ui-testing";
		};
/* End PBXNativeTarget section */

/* Begin PBXProject section */
		07CA947A2569B57E005F310B /* Project object */ = {
			isa = PBXProject;
			attributes = {
				LastSwiftUpdateCheck = 1160;
				LastUpgradeCheck = 1160;
				ORGANIZATIONNAME = pantrix;
				TargetAttributes = {
					07CA94812569B57E005F310B = {
						CreatedOnToolsVersion = 11.6;
					};
					07CA94972569B581005F310B = {
						CreatedOnToolsVersion = 11.6;
						TestTargetID = 07CA94812569B57E005F310B;
					};
					07CA94A22569B581005F310B = {
						CreatedOnToolsVersion = 11.6;
						TestTargetID = 07CA94812569B57E005F310B;
					};
				};
			};
			buildConfigurationList = 07CA947D2569B57E005F310B /* Build configuration list for PBXProject "Pantrix" */;
			compatibilityVersion = "Xcode 9.3";
			developmentRegion = en;
			hasScannedForEncodings = 0;
			knownRegions = (
				en,
				Base,
			);
			mainGroup = 07CA94792569B57E005F310B;
			productRefGroup = 07CA94832569B57E005F310B /* Products */;
			projectDirPath = "";
			projectRoot = "";
			targets = (
				07CA94812569B57E005F310B /* Pantrix */,
				07CA94972569B581005F310B /* PantrixTests */,
				07CA94A22569B581005F310B /* PantrixUITests */,
			);
		};
/* End PBXProject section */

/* Begin PBXResourcesBuildPhase section */
		07CA94802569B57E005F310B /* Resources */ = {
			isa = PBXResourcesBuildPhase;
			buildActionMask = 2147483647;
			files = (
				07CA94922569B580005F310B /* LaunchScreen.storyboard in Resources */,
				07CA948F2569B580005F310B /* Assets.xcassets in Resources */,
				07CA948D2569B57E005F310B /* Main.storyboard in Resources */,
			);
			runOnlyForDeploymentPostprocessing = 0;
		};
		07CA94962569B581005F310B /* Resources */ = {
			isa = PBXResourcesBuildPhase;
			buildActionMask = 2147483647;
			files = (
			);
			runOnlyForDeploymentPostprocessing = 0;
		};
		07CA94A12569B581005F310B /* Resources */ = {
			isa = PBXResourcesBuildPhase;
			buildActionMask = 2147483647;
			files = (
			);
			runOnlyForDeploymentPostprocessing = 0;
		};
/* End PBXResourcesBuildPhase section */

/* Begin PBXSourcesBuildPhase section */
		07CA947E2569B57E005F310B /* Sources */ = {
			isa = PBXSourcesBuildPhase;
			buildActionMask = 2147483647;
			files = (
				07CA948A2569B57E005F310B /* ViewController.swift in Sources */,
				07CA94862569B57E005F310B /* AppDelegate.swift in Sources */,
				07CA94882569B57E005F310B /* SceneDelegate.swift in Sources */,
			);
			runOnlyForDeploymentPostprocessing = 0;
		};
		07CA94942569B581005F310B /* Sources */ = {
			isa = PBXSourcesBuildPhase;
			buildActionMask = 2147483647;
			files = (
				07CA949D2569B581005F310B /* PantrixTests.swift in Sources */,
			);
			runOnlyForDeploymentPostprocessing = 0;
		};
		07CA949F2569B581005F310B /* Sources */ = {
			isa = PBXSourcesBuildPhase;
			buildActionMask = 2147483647;
			files = (
				07CA94A82569B581005F310B /* PantrixUITests.swift in Sources */,
			);
			runOnlyForDeploymentPostprocessing = 0;
		};
/* End PBXSourcesBuildPhase section */

/* Begin PBXTargetDependency section */
		07CA949A2569B581005F310B /* PBXTargetDependency */ = {
			isa = PBXTargetDependency;
			target = 07CA94812569B57E005F310B /* Pantrix */;
			targetProxy = 07CA94992569B581005F310B /* PBXContainerItemProxy */;
		};
		07CA94A52569B581005F310B /* PBXTargetDependency */ = {
			isa = PBXTargetDependency;
			target = 07CA94812569B57E005F310B /* Pantrix */;
			targetProxy = 07CA94A42569B581005F310B /* PBXContainerItemProxy */;
		};
/* End PBXTargetDependency section */

/* Begin PBXVariantGroup section */
		07CA948B2569B57E005F310B /* Main.storyboard */ = {
			isa = PBXVariantGroup;
			children = (
				07CA948C2569B57E005F310B /* Base */,
			);
			name = Main.storyboard;
			sourceTree = "<group>";
		};
		07CA94902569B580005F310B /* LaunchScreen.storyboard */ = {
			isa = PBXVariantGroup;
			children = (
				07CA94912569B580005F310B /* Base */,
			);
			name = LaunchScreen.storyboard;
			sourceTree = "<group>";
		};
/* End PBXVariantGroup section */

/* Begin XCBuildConfiguration section */
		07CA94AA2569B581005F310B /* Debug */ = {
			isa = XCBuildConfiguration;
			buildSettings = {
				ALWAYS_SEARCH_USER_PATHS = NO;
				CLANG_ANALYZER_NONNULL = YES;
				CLANG_ANALYZER_NUMBER_OBJECT_CONVERSION = YES_AGGRESSIVE;
				CLANG_CXX_LANGUAGE_STANDARD = "gnu++14";
				CLANG_CXX_LIBRARY = "libc++";
				CLANG_ENABLE_MODULES = YES;
				CLANG_ENABLE_OBJC_ARC = YES;
				CLANG_ENABLE_OBJC_WEAK = YES;
				CLANG_WARN_BLOCK_CAPTURE_AUTORELEASING = YES;
				CLANG_WARN_BOOL_CONVERSION = YES;
				CLANG_WARN_COMMA = YES;
				CLANG_WARN_CONSTANT_CONVERSION = YES;
				CLANG_WARN_DEPRECATED_OBJC_IMPLEMENTATIONS = YES;
				CLANG_WARN_DIRECT_OBJC_ISA_USAGE = YES_ERROR;
				CLANG_WARN_DOCUMENTATION_COMMENTS = YES;
				CLANG_WARN_EMPTY_BODY = YES;
				CLANG_WARN_ENUM_CONVERSION = YES;
				CLANG_WARN_INFINITE_RECURSION = YES;
				CLANG_WARN_INT_CONVERSION = YES;
				CLANG_WARN_NON_LITERAL_NULL_CONVERSION = YES;
				CLANG_WARN_OBJC_IMPLICIT_RETAIN_SELF = YES;
				CLANG_WARN_OBJC_LITERAL_CONVERSION = YES;
				CLANG_WARN_OBJC_ROOT_CLASS = YES_ERROR;
				CLANG_WARN_RANGE_LOOP_ANALYSIS = YES;
				CLANG_WARN_STRICT_PROTOTYPES = YES;
				CLANG_WARN_SUSPICIOUS_MOVE = YES;
				CLANG_WARN_UNGUARDED_AVAILABILITY = YES_AGGRESSIVE;
				CLANG_WARN_UNREACHABLE_CODE = YES;
				CLANG_WARN__DUPLICATE_METHOD_MATCH = YES;
				COPY_PHASE_STRIP = NO;
				DEBUG_INFORMATION_FORMAT = dwarf;
				ENABLE_STRICT_OBJC_MSGSEND = YES;
				ENABLE_TESTABILITY = YES;
				GCC_C_LANGUAGE_STANDARD = gnu11;
				GCC_DYNAMIC_NO_PIC = NO;
				GCC_NO_COMMON_BLOCKS = YES;
				GCC_OPTIMIZATION_LEVEL = 0;
				GCC_PREPROCESSOR_DEFINITIONS = (
					"DEBUG=1",
					"$(inherited)",
				);
				GCC_WARN_64_TO_32_BIT_CONVERSION = YES;
				GCC_WARN_ABOUT_RETURN_TYPE = YES_ERROR;
				GCC_WARN_UNDECLARED_SELECTOR = YES;
				GCC_WARN_UNINITIALIZED_AUTOS = YES_AGGRESSIVE;
				GCC_WARN_UNUSED_FUNCTION = YES;
				GCC_WARN_UNUSED_VARIABLE = YES;
				IPHONEOS_DEPLOYMENT_TARGET = 13.6;
				MTL_ENABLE_DEBUG_INFO = INCLUDE_SOURCE;
				MTL_FAST_MATH = YES;
				ONLY_ACTIVE_ARCH = YES;
				SDKROOT = iphoneos;
				SWIFT_ACTIVE_COMPILATION_CONDITIONS = DEBUG;
				SWIFT_OPTIMIZATION_LEVEL = "-Onone";
			};
			name = Debug;
		};
		07CA94AB2569B581005F310B /* Release */ = {
			isa = XCBuildConfiguration;
			buildSettings = {
				ALWAYS_SEARCH_USER_PATHS = NO;
				CLANG_ANALYZER_NONNULL = YES;
				CLANG_ANALYZER_NUMBER_OBJECT_CONVERSION = YES_AGGRESSIVE;
				CLANG_CXX_LANGUAGE_STANDARD = "gnu++14";
				CLANG_CXX_LIBRARY = "libc++";
				CLANG_ENABLE_MODULES = YES;
				CLANG_ENABLE_OBJC_ARC = YES;
				CLANG_ENABLE_OBJC_WEAK = YES;
				CLANG_WARN_BLOCK_CAPTURE_AUTORELEASING = YES;
				CLANG_WARN_BOOL_CONVERSION = YES;
				CLANG_WARN_COMMA = YES;
				CLANG_WARN_CONSTANT_CONVERSION = YES;
				CLANG_WARN_DEPRECATED_OBJC_IMPLEMENTATIONS = YES;
				CLANG_WARN_DIRECT_OBJC_ISA_USAGE = YES_ERROR;
				CLANG_WARN_DOCUMENTATION_COMMENTS = YES;
				CLANG_WARN_EMPTY_BODY = YES;
				CLANG_WARN_ENUM_CONVERSION = YES;
				CLANG_WARN_INFINITE_RECURSION = YES;
				CLANG_WARN_INT_CONVERSION = YES;
				CLANG_WARN_NON_LITERAL_NULL_CONVERSION = YES;
				CLANG_WARN_OBJC_IMPLICIT_RETAIN_SELF = YES;
				CLANG_WARN_OBJC_LITERAL_CONVERSION = YES;
				CLANG_WARN_OBJC_ROOT_CLASS = YES_ERROR;
				CLANG_WARN_RANGE_LOOP_ANALYSIS = YES;
				CLANG_WARN_STRICT_PROTOTYPES = YES;
				CLANG_WARN_SUSPICIOUS_MOVE = YES;
				CLANG_WARN_UNGUARDED_AVAILABILITY = YES_AGGRESSIVE;
				CLANG_WARN_UNREACHABLE_CODE = YES;
				CLANG_WARN__DUPLICATE_METHOD_MATCH = YES;
				COPY_PHASE_STRIP = NO;
				DEBUG_INFORMATION_FORMAT = "dwarf-with-dsym";
				ENABLE_NS_ASSERTIONS = NO;
				ENABLE_STRICT_OBJC_MSGSEND = YES;
				GCC_C_LANGUAGE_STANDARD = gnu11;
				GCC_NO_COMMON_BLOCKS = YES;
				GCC_WARN_64_TO_32_BIT_CONVERSION = YES;
				GCC_WARN_ABOUT_RETURN_TYPE = YES_ERROR;
				GCC_WARN_UNDECLARED_SELECTOR = YES;
				GCC_WARN_UNINITIALIZED_AUTOS = YES_AGGRESSIVE;
				GCC_WARN_UNUSED_FUNCTION = YES;
				GCC_WARN_UNUSED_VARIABLE = YES;
				IPHONEOS_DEPLOYMENT_TARGET = 13.6;
				MTL_ENABLE_DEBUG_INFO = NO;
				MTL_FAST_MATH = YES;
				SDKROOT = iphoneos;
				SWIFT_COMPILATION_MODE = wholemodule;
				SWIFT_OPTIMIZATION_LEVEL = "-O";
				VALIDATE_PRODUCT = YES;
			};
			name = Release;
		};
		07CA94AD2569B581005F310B /* Debug */ = {
			isa = XCBuildConfiguration;
			buildSettings = {
				ASSETCATALOG_COMPILER_APPICON_NAME = AppIcon;
				CODE_SIGN_STYLE = Automatic;
				INFOPLIST_FILE = Pantrix/Info.plist;
				LD_RUNPATH_SEARCH_PATHS = (
					"$(inherited)",
					"@executable_path/Frameworks",
				);
				PRODUCT_BUNDLE_IDENTIFIER = org.Pantrix;
				PRODUCT_NAME = "$(TARGET_NAME)";
				SWIFT_VERSION = 5.0;
				TARGETED_DEVICE_FAMILY = "1,2";
			};
			name = Debug;
		};
		07CA94AE2569B581005F310B /* Release */ = {
			isa = XCBuildConfiguration;
			buildSettings = {
				ASSETCATALOG_COMPILER_APPICON_NAME = AppIcon;
				CODE_SIGN_STYLE = Automatic;
				INFOPLIST_FILE = Pantrix/Info.plist;
				LD_RUNPATH_SEARCH_PATHS = (
					"$(inherited)",
					"@executable_path/Frameworks",
				);
				PRODUCT_BUNDLE_IDENTIFIER = org.Pantrix;
				PRODUCT_NAME = "$(TARGET_NAME)";
				SWIFT_VERSION = 5.0;
				TARGETED_DEVICE_FAMILY = "1,2";
			};
			name = Release;
		};
		07CA94B02569B581005F310B /* Debug */ = {
			isa = XCBuildConfiguration;
			buildSettings = {
				ALWAYS_EMBED_SWIFT_STANDARD_LIBRARIES = YES;
				BUNDLE_LOADER = "$(TEST_HOST)";
				CODE_SIGN_STYLE = Automatic;
				INFOPLIST_FILE = PantrixTests/Info.plist;
				IPHONEOS_DEPLOYMENT_TARGET = 13.6;
				LD_RUNPATH_SEARCH_PATHS = (
					"$(inherited)",
					"@executable_path/Frameworks",
					"@loader_path/Frameworks",
				);
				PRODUCT_BUNDLE_IDENTIFIER = org.PantrixTests;
				PRODUCT_NAME = "$(TARGET_NAME)";
				SWIFT_VERSION = 5.0;
				TARGETED_DEVICE_FAMILY = "1,2";
				TEST_HOST = "$(BUILT_PRODUCTS_DIR)/Pantrix.app/Pantrix";
			};
			name = Debug;
		};
		07CA94B12569B581005F310B /* Release */ = {
			isa = XCBuildConfiguration;
			buildSettings = {
				ALWAYS_EMBED_SWIFT_STANDARD_LIBRARIES = YES;
				BUNDLE_LOADER = "$(TEST_HOST)";
				CODE_SIGN_STYLE = Automatic;
				INFOPLIST_FILE = PantrixTests/Info.plist;
				IPHONEOS_DEPLOYMENT_TARGET = 13.6;
				LD_RUNPATH_SEARCH_PATHS = (
					"$(inherited)",
					"@executable_path/Frameworks",
					"@loader_path/Frameworks",
				);
				PRODUCT_BUNDLE_IDENTIFIER = org.PantrixTests;
				PRODUCT_NAME = "$(TARGET_NAME)";
				SWIFT_VERSION = 5.0;
				TARGETED_DEVICE_FAMILY = "1,2";
				TEST_HOST = "$(BUILT_PRODUCTS_DIR)/Pantrix.app/Pantrix";
			};
			name = Release;
		};
		07CA94B32569B581005F310B /* Debug */ = {
			isa = XCBuildConfiguration;
			buildSettings = {
				ALWAYS_EMBED_SWIFT_STANDARD_LIBRARIES = YES;
				CODE_SIGN_STYLE = Automatic;
				INFOPLIST_FILE = PantrixUITests/Info.plist;
				LD_RUNPATH_SEARCH_PATHS = (
					"$(inherited)",
					"@executable_path/Frameworks",
					"@loader_path/Frameworks",
				);
				PRODUCT_BUNDLE_IDENTIFIER = org.PantrixUITests;
				PRODUCT_NAME = "$(TARGET_NAME)";
				SWIFT_VERSION = 5.0;
				TARGETED_DEVICE_FAMILY = "1,2";
				TEST_TARGET_NAME = Pantrix;
			};
			name = Debug;
		};
		07CA94B42569B581005F310B /* Release */ = {
			isa = XCBuildConfiguration;
			buildSettings = {
				ALWAYS_EMBED_SWIFT_STANDARD_LIBRARIES = YES;
				CODE_SIGN_STYLE = Automatic;
				INFOPLIST_FILE = PantrixUITests/Info.plist;
				LD_RUNPATH_SEARCH_PATHS = (
					"$(inherited)",
					"@executable_path/Frameworks",
					"@loader_path/Frameworks",
				);
				PRODUCT_BUNDLE_IDENTIFIER = org.PantrixUITests;
				PRODUCT_NAME = "$(TARGET_NAME)";
				SWIFT_VERSION = 5.0;
				TARGETED_DEVICE_FAMILY = "1,2";
				TEST_TARGET_NAME = Pantrix;
			};
			name = Release;
		};
/* End XCBuildConfiguration section */

/* Begin XCConfigurationList section */
		07CA947D2569B57E005F310B /* Build configuration list for PBXProject "Pantrix" */ = {
			isa = XCConfigurationList;
			buildConfigurations = (
				07CA94AA2569B581005F310B /* Debug */,
				07CA94AB2569B581005F310B /* Release */,
			);
			defaultConfigurationIsVisible = 0;
			defaultConfigurationName = Release;
		};
		07CA94AC2569B581005F310B /* Build configuration list for PBXNativeTarget "Pantrix" */ = {
			isa = XCConfigurationList;
			buildConfigurations = (
				07CA94AD2569B581005F310B /* Debug */,
				07CA94AE2569B581005F310B /* Release */,
			);
			defaultConfigurationIsVisible = 0;
			defaultConfigurationName = Release;
		};
		07CA94AF2569B581005F310B /* Build configuration list for PBXNativeTarget "PantrixTests" */ = {
			isa = XCConfigurationList;
			buildConfigurations = (
				07CA94B02569B581005F310B /* Debug */,
				07CA94B12569B581005F310B /* Release */,
			);
			defaultConfigurationIsVisible = 0;
			defaultConfigurationName = Release;
		};
		07CA94B22569B581005F310B /* Build configuration list for PBXNativeTarget "PantrixUITests" */ = {
			isa = XCConfigurationList;
			buildConfigurations = (
				07CA94B32569B581005F310B /* Debug */,
				07CA94B42569B581005F310B /* Release */,
			);
			defaultConfigurationIsVisible = 0;
			defaultConfigurationName = Release;
		};
/* End XCConfigurationList section */
	};
	rootObject = 07CA947A2569B57E005F310B /* Project object */;
}
